
Microsoft Visual Studio Solution File, Format Version 12.00
# Visual Studio Version 16
VisualStudioVersion = 16.0.810.14
MinimumVisualStudioVersion = 10.0.40219.1
Project("{FAE04EC0-301F-11D3-BF4B-00C04F79EFBC}") = "testCppShap", "testCppShap\testCppShap.csproj", "{A698E677-9004-484A-8510-D134980D1A26}"
EndProject
Global
	GlobalSection(SolutionConfigurationPlatforms) = preSolution
		Debug|Any CPU = Debug|Any CPU
		Release|Any CPU = Release|Any CPU
	EndGlobalSection
	GlobalSection(ProjectConfigurationPlatforms) = postSolution
		{A698E677-9004-484A-8510-D134980D1A26}.Debug|Any CPU.ActiveCfg = Debug|Any CPU
		{A698E677-9004-484A-8510-D134980D1A26}.Debug|Any CPU.Build.0 = Debug|Any CPU
		{A698E677-9004-484A-8510-D134980D1A26}.Release|Any CPU.ActiveCfg = Release|Any CPU
		{A698E677-9004-484A-8510-D134980D1A26}.Release|Any CPU.Build.0 = Release|Any CPU
	EndGlobalSection
	GlobalSection(SolutionProperties) = preSolution
		HideSolutionNode = FALSE
	EndGlobalSection
	GlobalSection(ExtensibilityGlobals) = postSolution
		SolutionGuid = {160BE1BB-5546-48FE-A360-C8E370B4C29F}
	EndGlobalSection
EndGlobal
